
Microsoft Visual Studio Solution File, Format Version 12.00
# Visual Studio Version 17
VisualStudioVersion = 17.4.33213.308
MinimumVisualStudioVersion = 10.0.40219.1
Project("{9A19103F-16F7-4668-BE54-9A1E7A4F7556}") = "Dynamicweb.Ecommerce.TaxProviders.AvalaraTaxProvider", "src\Dynamicweb.Ecommerce.TaxProviders.AvalaraTaxProvider.csproj", "{1854CCAC-A769-4469-8897-C3CE8EB5D814}"
EndProject
Global
	GlobalSection(SolutionConfigurationPlatforms) = preSolution
		Debug|Any CPU = Debug|Any CPU
		Release|Any CPU = Release|Any CPU
	EndGlobalSection
	GlobalSection(ProjectConfigurationPlatforms) = postSolution
		{1854CCAC-A769-4469-8897-C3CE8EB5D814}.Debug|Any CPU.ActiveCfg = Debug|Any CPU
		{1854CCAC-A769-4469-8897-C3CE8EB5D814}.Debug|Any CPU.Build.0 = Debug|Any CPU
		{1854CCAC-A769-4469-8897-C3CE8EB5D814}.Release|Any CPU.ActiveCfg = Release|Any CPU
		{1854CCAC-A769-4469-8897-C3CE8EB5D814}.Release|Any CPU.Build.0 = Release|Any CPU
	EndGlobalSection
	GlobalSection(SolutionProperties) = preSolution
		HideSolutionNode = FALSE
	EndGlobalSection
	GlobalSection(ExtensibilityGlobals) = postSolution
		SolutionGuid = {BCDFFD65-7253-4F86-A810-872FF6F495E7}
	EndGlobalSection
EndGlobal
